
Microsoft Visual Studio Solution File, Format Version 12.00
# Visual Studio Version 16
VisualStudioVersion = 16.0.30204.135
MinimumVisualStudioVersion = 10.0.40219.1
Project("{FAE04EC0-301F-11D3-BF4B-00C04F79EFBC}") = "TestCc", "TestCc\TestCc.csproj", "{4D1EC37B-1290-4B81-9594-CDF8A09879AE}"
EndProject
Global
	GlobalSection(SolutionConfigurationPlatforms) = preSolution
		Debug|Any CPU = Debug|Any CPU
		Release|Any CPU = Release|Any CPU
	EndGlobalSection
	GlobalSection(ProjectConfigurationPlatforms) = postSolution
		{4D1EC37B-1290-4B81-9594-CDF8A09879AE}.Debug|Any CPU.ActiveCfg = Debug|Any CPU
		{4D1EC37B-1290-4B81-9594-CDF8A09879AE}.Debug|Any CPU.Build.0 = Debug|Any CPU
		{4D1EC37B-1290-4B81-9594-CDF8A09879AE}.Release|Any CPU.ActiveCfg = Release|Any CPU
		{4D1EC37B-1290-4B81-9594-CDF8A09879AE}.Release|Any CPU.Build.0 = Release|Any CPU
	EndGlobalSection
	GlobalSection(SolutionProperties) = preSolution
		HideSolutionNode = FALSE
	EndGlobalSection
	GlobalSection(ExtensibilityGlobals) = postSolution
		SolutionGuid = {956ED0DB-3C74-428E-983A-EECEB7E34D65}
	EndGlobalSection
EndGlobal
